{
  "name": "@stantanasi/jsonapi-client-example",
  "version": "1.0.0",
  "lockfileVersion": 3,
  "requires": true,
  "packages": {
    "": {
      "name": "@stantanasi/jsonapi-client-example",
      "version": "1.0.0",
      "license": "ISC",
      "dependencies": {
        "@stantanasi/jsonapi-client": "file:.."
      },
      "devDependencies": {
        "typescript": "^5.8.2"
      }
    },
    "..": {
      "name": "@stantanasi/jsonapi-client",
      "version": "1.2.7",
      "license": "ISC",
      "dependencies": {
        "axios": "^1.9.0"
      },
      "devDependencies": {
        "@types/node": "^22.15.17",
        "husky": "^9.1.7",
        "typescript": "^5.8.3"
      }
    },
    "node_modules/@stantanasi/jsonapi-client": {
      "resolved": "..",
      "link": true
    },
    "node_modules/typescript": {
      "version": "5.8.2",
      "resolved": "https://registry.npmjs.org/typescript/-/typescript-5.8.2.tgz",
      "integrity": "sha512-aJn6wq13/afZp/jT9QZmwEjDqqvSGp1VT5GVg+f/t6/oVyrgXM6BY1h9BRh/O5p3PlUPAe+WuiEZOmb/49RqoQ==",
      "dev": true,
      "license": "Apache-2.0",
      "bin": {
        "tsc": "bin/tsc",
        "tsserver": "bin/tsserver"
      },
      "engines": {
        "node": ">=14.17"
      }
    }
  }
}
